
Microsoft Visual Studio Solution File, Format Version 12.00
# Visual Studio Version 17
VisualStudioVersion = 17.5.33424.131
MinimumVisualStudioVersion = 10.0.40219.1
Project("{FAE04EC0-301F-11D3-BF4B-00C04F79EFBC}") = "TopNavApplication", "TopNavApplication\TopNavApplication.csproj", "{0C2F07D2-F6BA-4307-B579-6108686FA634}"
EndProject
Global
	GlobalSection(SolutionConfigurationPlatforms) = preSolution
		Debug|Any CPU = Debug|Any CPU
		Release|Any CPU = Release|Any CPU
	EndGlobalSection
	GlobalSection(ProjectConfigurationPlatforms) = postSolution
		{0C2F07D2-F6BA-4307-B579-6108686FA634}.Debug|Any CPU.ActiveCfg = Debug|Any CPU
		{0C2F07D2-F6BA-4307-B579-6108686FA634}.Debug|Any CPU.Build.0 = Debug|Any CPU
		{0C2F07D2-F6BA-4307-B579-6108686FA634}.Release|Any CPU.ActiveCfg = Release|Any CPU
		{0C2F07D2-F6BA-4307-B579-6108686FA634}.Release|Any CPU.Build.0 = Release|Any CPU
	EndGlobalSection
	GlobalSection(SolutionProperties) = preSolution
		HideSolutionNode = FALSE
	EndGlobalSection
	GlobalSection(ExtensibilityGlobals) = postSolution
		SolutionGuid = {D1513A9E-16B3-4D68-A1E6-38B44D58EFC7}
	EndGlobalSection
EndGlobal
